
Microsoft Visual Studio Solution File, Format Version 12.00
# Visual Studio Version 16
VisualStudioVersion = 16.0.32002.261
MinimumVisualStudioVersion = 10.0.40219.1
Project("{FAE04EC0-301F-11D3-BF4B-00C04F79EFBC}") = "Tetris", "Tetris\Tetris.csproj", "{CBB360E5-F297-4A1C-900C-E14C853ECE42}"
EndProject
Global
	GlobalSection(SolutionConfigurationPlatforms) = preSolution
		Debug|Any CPU = Debug|Any CPU
		Release|Any CPU = Release|Any CPU
	EndGlobalSection
	GlobalSection(ProjectConfigurationPlatforms) = postSolution
		{CBB360E5-F297-4A1C-900C-E14C853ECE42}.Debug|Any CPU.ActiveCfg = Debug|Any CPU
		{CBB360E5-F297-4A1C-900C-E14C853ECE42}.Debug|Any CPU.Build.0 = Debug|Any CPU
		{CBB360E5-F297-4A1C-900C-E14C853ECE42}.Release|Any CPU.ActiveCfg = Release|Any CPU
		{CBB360E5-F297-4A1C-900C-E14C853ECE42}.Release|Any CPU.Build.0 = Release|Any CPU
	EndGlobalSection
	GlobalSection(SolutionProperties) = preSolution
		HideSolutionNode = FALSE
	EndGlobalSection
	GlobalSection(ExtensibilityGlobals) = postSolution
		SolutionGuid = {8CCE7662-D78C-4284-B90A-9DFF11ECB910}
	EndGlobalSection
EndGlobal
